
Microsoft Visual Studio Solution File, Format Version 12.00
# Visual Studio Version 17
VisualStudioVersion = 17.2.32505.173
MinimumVisualStudioVersion = 10.0.40219.1
Project("{FAE04EC0-301F-11D3-BF4B-00C04F79EFBC}") = "ProyectoFinalGrupo1.Android", "ProyectoFinalGrupo1.Android\ProyectoFinalGrupo1.Android.csproj", "{10EC61D8-C2E3-41D6-B9FE-A03FD0C2F572}"
EndProject
Project("{FAE04EC0-301F-11D3-BF4B-00C04F79EFBC}") = "ProyectoFinalGrupo1.iOS", "ProyectoFinalGrupo1.iOS\ProyectoFinalGrupo1.iOS.csproj", "{E47A511C-6C54-4C53-84A2-395B32A7E8DD}"
EndProject
Project("{9A19103F-16F7-4668-BE54-9A1E7A4F7556}") = "ProyectoFinalGrupo1", "ProyectoFinalGrupo1\ProyectoFinalGrupo1.csproj", "{0FD6A6FE-9839-4134-859D-6EC1E9357ADE}"
EndProject
Global
	GlobalSection(SolutionConfigurationPlatforms) = preSolution
		Debug|Any CPU = Debug|Any CPU
		Debug|iPhone = Debug|iPhone
		Debug|iPhoneSimulator = Debug|iPhoneSimulator
		Release|Any CPU = Release|Any CPU
		Release|iPhone = Release|iPhone
		Release|iPhoneSimulator = Release|iPhoneSimulator
	EndGlobalSection
	GlobalSection(ProjectConfigurationPlatforms) = postSolution
		{10EC61D8-C2E3-41D6-B9FE-A03FD0C2F572}.Debug|Any CPU.ActiveCfg = Debug|Any CPU
		{10EC61D8-C2E3-41D6-B9FE-A03FD0C2F572}.Debug|Any CPU.Build.0 = Debug|Any CPU
		{10EC61D8-C2E3-41D6-B9FE-A03FD0C2F572}.Debug|Any CPU.Deploy.0 = Debug|Any CPU
		{10EC61D8-C2E3-41D6-B9FE-A03FD0C2F572}.Debug|iPhone.ActiveCfg = Debug|Any CPU
		{10EC61D8-C2E3-41D6-B9FE-A03FD0C2F572}.Debug|iPhone.Build.0 = Debug|Any CPU
		{10EC61D8-C2E3-41D6-B9FE-A03FD0C2F572}.Debug|iPhone.Deploy.0 = Debug|Any CPU
		{10EC61D8-C2E3-41D6-B9FE-A03FD0C2F572}.Debug|iPhoneSimulator.ActiveCfg = Debug|Any CPU
		{10EC61D8-C2E3-41D6-B9FE-A03FD0C2F572}.Debug|iPhoneSimulator.Build.0 = Debug|Any CPU
		{10EC61D8-C2E3-41D6-B9FE-A03FD0C2F572}.Debug|iPhoneSimulator.Deploy.0 = Debug|Any CPU
		{10EC61D8-C2E3-41D6-B9FE-A03FD0C2F572}.Release|Any CPU.ActiveCfg = Release|Any CPU
		{10EC61D8-C2E3-41D6-B9FE-A03FD0C2F572}.Release|Any CPU.Build.0 = Release|Any CPU
		{10EC61D8-C2E3-41D6-B9FE-A03FD0C2F572}.Release|Any CPU.Deploy.0 = Release|Any CPU
		{10EC61D8-C2E3-41D6-B9FE-A03FD0C2F572}.Release|iPhone.ActiveCfg = Release|Any CPU
		{10EC61D8-C2E3-41D6-B9FE-A03FD0C2F572}.Release|iPhone.Build.0 = Release|Any CPU
		{10EC61D8-C2E3-41D6-B9FE-A03FD0C2F572}.Release|iPhone.Deploy.0 = Release|Any CPU
		{10EC61D8-C2E3-41D6-B9FE-A03FD0C2F572}.Release|iPhoneSimulator.ActiveCfg = Release|Any CPU
		{10EC61D8-C2E3-41D6-B9FE-A03FD0C2F572}.Release|iPhoneSimulator.Build.0 = Release|Any CPU
		{10EC61D8-C2E3-41D6-B9FE-A03FD0C2F572}.Release|iPhoneSimulator.Deploy.0 = Release|Any CPU
		{E47A511C-6C54-4C53-84A2-395B32A7E8DD}.Debug|Any CPU.ActiveCfg = Debug|iPhone
		{E47A511C-6C54-4C53-84A2-395B32A7E8DD}.Debug|Any CPU.Build.0 = Debug|iPhone
		{E47A511C-6C54-4C53-84A2-395B32A7E8DD}.Debug|Any CPU.Deploy.0 = Debug|iPhone
		{E47A511C-6C54-4C53-84A2-395B32A7E8DD}.Debug|iPhone.ActiveCfg = Debug|iPhone
		{E47A511C-6C54-4C53-84A2-395B32A7E8DD}.Debug|iPhone.Build.0 = Debug|iPhone
		{E47A511C-6C54-4C53-84A2-395B32A7E8DD}.Debug|iPhone.Deploy.0 = Debug|iPhone
		{E47A511C-6C54-4C53-84A2-395B32A7E8DD}.Debug|iPhoneSimulator.ActiveCfg = Debug|iPhoneSimulator
		{E47A511C-6C54-4C53-84A2-395B32A7E8DD}.Debug|iPhoneSimulator.Build.0 = Debug|iPhoneSimulator
		{E47A511C-6C54-4C53-84A2-395B32A7E8DD}.Debug|iPhoneSimulator.Deploy.0 = Debug|iPhoneSimulator
		{E47A511C-6C54-4C53-84A2-395B32A7E8DD}.Release|Any CPU.ActiveCfg = Release|iPhoneSimulator
		{E47A511C-6C54-4C53-84A2-395B32A7E8DD}.Release|Any CPU.Build.0 = Release|iPhoneSimulator
		{E47A511C-6C54-4C53-84A2-395B32A7E8DD}.Release|Any CPU.Deploy.0 = Release|iPhoneSimulator
		{E47A511C-6C54-4C53-84A2-395B32A7E8DD}.Release|iPhone.ActiveCfg = Release|iPhone
		{E47A511C-6C54-4C53-84A2-395B32A7E8DD}.Release|iPhone.Build.0 = Release|iPhone
		{E47A511C-6C54-4C53-84A2-395B32A7E8DD}.Release|iPhone.Deploy.0 = Release|iPhone
		{E47A511C-6C54-4C53-84A2-395B32A7E8DD}.Release|iPhoneSimulator.ActiveCfg = Release|iPhoneSimulator
		{E47A511C-6C54-4C53-84A2-395B32A7E8DD}.Release|iPhoneSimulator.Build.0 = Release|iPhoneSimulator
		{E47A511C-6C54-4C53-84A2-395B32A7E8DD}.Release|iPhoneSimulator.Deploy.0 = Release|iPhoneSimulator
		{0FD6A6FE-9839-4134-859D-6EC1E9357ADE}.Debug|Any CPU.ActiveCfg = Debug|Any CPU
		{0FD6A6FE-9839-4134-859D-6EC1E9357ADE}.Debug|Any CPU.Build.0 = Debug|Any CPU
		{0FD6A6FE-9839-4134-859D-6EC1E9357ADE}.Debug|Any CPU.Deploy.0 = Debug|Any CPU
		{0FD6A6FE-9839-4134-859D-6EC1E9357ADE}.Debug|iPhone.ActiveCfg = Debug|Any CPU
		{0FD6A6FE-9839-4134-859D-6EC1E9357ADE}.Debug|iPhone.Build.0 = Debug|Any CPU
		{0FD6A6FE-9839-4134-859D-6EC1E9357ADE}.Debug|iPhone.Deploy.0 = Debug|Any CPU
		{0FD6A6FE-9839-4134-859D-6EC1E9357ADE}.Debug|iPhoneSimulator.ActiveCfg = Debug|Any CPU
		{0FD6A6FE-9839-4134-859D-6EC1E9357ADE}.Debug|iPhoneSimulator.Build.0 = Debug|Any CPU
		{0FD6A6FE-9839-4134-859D-6EC1E9357ADE}.Debug|iPhoneSimulator.Deploy.0 = Debug|Any CPU
		{0FD6A6FE-9839-4134-859D-6EC1E9357ADE}.Release|Any CPU.ActiveCfg = Release|Any CPU
		{0FD6A6FE-9839-4134-859D-6EC1E9357ADE}.Release|Any CPU.Build.0 = Release|Any CPU
		{0FD6A6FE-9839-4134-859D-6EC1E9357ADE}.Release|Any CPU.Deploy.0 = Release|Any CPU
		{0FD6A6FE-9839-4134-859D-6EC1E9357ADE}.Release|iPhone.ActiveCfg = Release|Any CPU
		{0FD6A6FE-9839-4134-859D-6EC1E9357ADE}.Release|iPhone.Build.0 = Release|Any CPU
		{0FD6A6FE-9839-4134-859D-6EC1E9357ADE}.Release|iPhone.Deploy.0 = Release|Any CPU
		{0FD6A6FE-9839-4134-859D-6EC1E9357ADE}.Release|iPhoneSimulator.ActiveCfg = Release|Any CPU
		{0FD6A6FE-9839-4134-859D-6EC1E9357ADE}.Release|iPhoneSimulator.Build.0 = Release|Any CPU
		{0FD6A6FE-9839-4134-859D-6EC1E9357ADE}.Release|iPhoneSimulator.Deploy.0 = Release|Any CPU
	EndGlobalSection
	GlobalSection(SolutionProperties) = preSolution
		HideSolutionNode = FALSE
	EndGlobalSection
	GlobalSection(ExtensibilityGlobals) = postSolution
		SolutionGuid = {034573F8-AE4E-47C3-A864-C3E90C3560E1}
	EndGlobalSection
EndGlobal
